// !$*UTF8*$!
{
	archiveVersion = 1;
	classes = {
	};
	objectVersion = 48;
	objects = {

/* Begin PBXBuildFile section */
		68568ABA1FA72704003206E2 /* AppDelegate.swift in Sources */ = {isa = PBXBuildFile; fileRef = 68568AB91FA72704003206E2 /* AppDelegate.swift */; };
		68568ABC1FA72704003206E2 /* ViewController.swift in Sources */ = {isa = PBXBuildFile; fileRef = 68568ABB1FA72704003206E2 /* ViewController.swift */; };
		68568ABF1FA72705003206E2 /* Main.storyboard in Resources */ = {isa = PBXBuildFile; fileRef = 68568ABD1FA72705003206E2 /* Main.storyboard */; };
		68568AC21FA72705003206E2 /* AppUpdateNotification.xcdatamodeld in Sources */ = {isa = PBXBuildFile; fileRef = 68568AC01FA72705003206E2 /* AppUpdateNotification.xcdatamodeld */; };
		68568AC41FA72705003206E2 /* Assets.xcassets in Resources */ = {isa = PBXBuildFile; fileRef = 68568AC31FA72705003206E2 /* Assets.xcassets */; };
		68568AC71FA72705003206E2 /* LaunchScreen.storyboard in Resources */ = {isa = PBXBuildFile; fileRef = 68568AC51FA72705003206E2 /* LaunchScreen.storyboard */; };
		68568AD21FA72705003206E2 /* AppUpdateNotificationTests.swift in Sources */ = {isa = PBXBuildFile; fileRef = 68568AD11FA72705003206E2 /* AppUpdateNotificationTests.swift */; };
		68568ADD1FA72705003206E2 /* AppUpdateNotificationUITests.swift in Sources */ = {isa = PBXBuildFile; fileRef = 68568ADC1FA72705003206E2 /* AppUpdateNotificationUITests.swift */; };
		9BD60A1EC2822F3C7770464C /* Pods_AppUpdateNotification.framework in Frameworks */ = {isa = PBXBuildFile; fileRef = A1249DBDD937D45C41D2DAAF /* Pods_AppUpdateNotification.framework */; };
/* End PBXBuildFile section */

/* Begin PBXContainerItemProxy section */
		68568ACE1FA72705003206E2 /* PBXContainerItemProxy */ = {
			isa = PBXContainerItemProxy;
			containerPortal = 68568AAE1FA72704003206E2 /* Project object */;
			proxyType = 1;
			remoteGlobalIDString = 68568AB51FA72704003206E2;
			remoteInfo = AppUpdateNotification;
		};
		68568AD91FA72705003206E2 /* PBXContainerItemProxy */ = {
			isa = PBXContainerItemProxy;
			containerPortal = 68568AAE1FA72704003206E2 /* Project object */;
			proxyType = 1;
			remoteGlobalIDString = 68568AB51FA72704003206E2;
			remoteInfo = AppUpdateNotification;
		};
/* End PBXContainerItemProxy section */

/* Begin PBXFileReference section */
		2CAFBE951D277E73FB0DB69E /* Pods-AppUpdateNotification.debug.xcconfig */ = {isa = PBXFileReference; includeInIndex = 1; lastKnownFileType = text.xcconfig; name = "Pods-AppUpdateNotification.debug.xcconfig"; path = "Pods/Target Support Files/Pods-AppUpdateNotification/Pods-AppUpdateNotification.debug.xcconfig"; sourceTree = "<group>"; };
		6667E8039267809BF6F2083A /* Pods-AppUpdateNotification.release.xcconfig */ = {isa = PBXFileReference; includeInIndex = 1; lastKnownFileType = text.xcconfig; name = "Pods-AppUpdateNotification.release.xcconfig"; path = "Pods/Target Support Files/Pods-AppUpdateNotification/Pods-AppUpdateNotification.release.xcconfig"; sourceTree = "<group>"; };
		68568AB61FA72704003206E2 /* AppUpdateNotification.app */ = {isa = PBXFileReference; explicitFileType = wrapper.application; includeInIndex = 0; path = AppUpdateNotification.app; sourceTree = BUILT_PRODUCTS_DIR; };
		68568AB91FA72704003206E2 /* AppDelegate.swift */ = {isa = PBXFileReference; lastKnownFileType = sourcecode.swift; path = AppDelegate.swift; sourceTree = "<group>"; };
		68568ABB1FA72704003206E2 /* ViewController.swift */ = {isa = PBXFileReference; lastKnownFileType = sourcecode.swift; path = ViewController.swift; sourceTree = "<group>"; };
		68568ABE1FA72705003206E2 /* Base */ = {isa = PBXFileReference; lastKnownFileType = file.storyboard; name = Base; path = Base.lproj/Main.storyboard; sourceTree = "<group>"; };
		68568AC11FA72705003206E2 /* AppUpdateNotification.xcdatamodel */ = {isa = PBXFileReference; lastKnownFileType = wrapper.xcdatamodel; path = AppUpdateNotification.xcdatamodel; sourceTree = "<group>"; };
		68568AC31FA72705003206E2 /* Assets.xcassets */ = {isa = PBXFileReference; lastKnownFileType = folder.assetcatalog; path = Assets.xcassets; sourceTree = "<group>"; };
		68568AC61FA72705003206E2 /* Base */ = {isa = PBXFileReference; lastKnownFileType = file.storyboard; name = Base; path = Base.lproj/LaunchScreen.storyboard; sourceTree = "<group>"; };
		68568AC81FA72705003206E2 /* Info.plist */ = {isa = PBXFileReference; lastKnownFileType = text.plist.xml; path = Info.plist; sourceTree = "<group>"; };
		68568ACD1FA72705003206E2 /* AppUpdateNotificationTests.xctest */ = {isa = PBXFileReference; explicitFileType = wrapper.cfbundle; includeInIndex = 0; path = AppUpdateNotificationTests.xctest; sourceTree = BUILT_PRODUCTS_DIR; };
		68568AD11FA72705003206E2 /* AppUpdateNotificationTests.swift */ = {isa = PBXFileReference; lastKnownFileType = sourcecode.swift; path = AppUpdateNotificationTests.swift; sourceTree = "<group>"; };
		68568AD31FA72705003206E2 /* Info.plist */ = {isa = PBXFileReference; lastKnownFileType = text.plist.xml; path = Info.plist; sourceTree = "<group>"; };
		68568AD81FA72705003206E2 /* AppUpdateNotificationUITests.xctest */ = {isa = PBXFileReference; explicitFileType = wrapper.cfbundle; includeInIndex = 0; path = AppUpdateNotificationUITests.xctest; sourceTree = BUILT_PRODUCTS_DIR; };
		68568ADC1FA72705003206E2 /* AppUpdateNotificationUITests.swift */ = {isa = PBXFileReference; lastKnownFileType = sourcecode.swift; path = AppUpdateNotificationUITests.swift; sourceTree = "<group>"; };
		68568ADE1FA72705003206E2 /* Info.plist */ = {isa = PBXFileReference; lastKnownFileType = text.plist.xml; path = Info.plist; sourceTree = "<group>"; };
		A1249DBDD937D45C41D2DAAF /* Pods_AppUpdateNotification.framework */ = {isa = PBXFileReference; explicitFileType = wrapper.framework; includeInIndex = 0; path = Pods_AppUpdateNotification.framework; sourceTree = BUILT_PRODUCTS_DIR; };
/* End PBXFileReference section */

/* Begin PBXFrameworksBuildPhase section */
		68568AB31FA72704003206E2 /* Frameworks */ = {
			isa = PBXFrameworksBuildPhase;
			buildActionMask = 2147483647;
			files = (
				9BD60A1EC2822F3C7770464C /* Pods_AppUpdateNotification.framework in Frameworks */,
			);
			runOnlyForDeploymentPostprocessing = 0;
		};
		68568ACA1FA72705003206E2 /* Frameworks */ = {
			isa = PBXFrameworksBuildPhase;
			buildActionMask = 2147483647;
			files = (
			);
			runOnlyForDeploymentPostprocessing = 0;
		};
		68568AD51FA72705003206E2 /* Frameworks */ = {
			isa = PBXFrameworksBuildPhase;
			buildActionMask = 2147483647;
			files = (
			);
			runOnlyForDeploymentPostprocessing = 0;
		};
/* End PBXFrameworksBuildPhase section */

/* Begin PBXGroup section */
		68568AAD1FA72704003206E2 = {
			isa = PBXGroup;
			children = (
				68568AB81FA72704003206E2 /* AppUpdateNotification */,
				68568AD01FA72705003206E2 /* AppUpdateNotificationTests */,
				68568ADB1FA72705003206E2 /* AppUpdateNotificationUITests */,
				68568AB71FA72704003206E2 /* Products */,
				A2C64F6117D5294B8CAF23D5 /* Pods */,
				F2B0E5309E8FFB2DE231A318 /* Frameworks */,
			);
			sourceTree = "<group>";
		};
		68568AB71FA72704003206E2 /* Products */ = {
			isa = PBXGroup;
			children = (
				68568AB61FA72704003206E2 /* AppUpdateNotification.app */,
				68568ACD1FA72705003206E2 /* AppUpdateNotificationTests.xctest */,
				68568AD81FA72705003206E2 /* AppUpdateNotificationUITests.xctest */,
			);
			name = Products;
			sourceTree = "<group>";
		};
		68568AB81FA72704003206E2 /* AppUpdateNotification */ = {
			isa = PBXGroup;
			children = (
				68568AB91FA72704003206E2 /* AppDelegate.swift */,
				68568ABB1FA72704003206E2 /* ViewController.swift */,
				68568ABD1FA72705003206E2 /* Main.storyboard */,
				68568AC31FA72705003206E2 /* Assets.xcassets */,
				68568AC51FA72705003206E2 /* LaunchScreen.storyboard */,
				68568AC81FA72705003206E2 /* Info.plist */,
				68568AC01FA72705003206E2 /* AppUpdateNotification.xcdatamodeld */,
			);
			path = AppUpdateNotification;
			sourceTree = "<group>";
		};
		68568AD01FA72705003206E2 /* AppUpdateNotificationTests */ = {
			isa = PBXGroup;
			children = (
				68568AD11FA72705003206E2 /* AppUpdateNotificationTests.swift */,
				68568AD31FA72705003206E2 /* Info.plist */,
			);
			path = AppUpdateNotificationTests;
			sourceTree = "<group>";
		};
		68568ADB1FA72705003206E2 /* AppUpdateNotificationUITests */ = {
			isa = PBXGroup;
			children = (
				68568ADC1FA72705003206E2 /* AppUpdateNotificationUITests.swift */,
				68568ADE1FA72705003206E2 /* Info.plist */,
			);
			path = AppUpdateNotificationUITests;
			sourceTree = "<group>";
		};
		A2C64F6117D5294B8CAF23D5 /* Pods */ = {
			isa = PBXGroup;
			children = (
				2CAFBE951D277E73FB0DB69E /* Pods-AppUpdateNotification.debug.xcconfig */,
				6667E8039267809BF6F2083A /* Pods-AppUpdateNotification.release.xcconfig */,
			);
			name = Pods;
			sourceTree = "<group>";
		};
		F2B0E5309E8FFB2DE231A318 /* Frameworks */ = {
			isa = PBXGroup;
			children = (
				A1249DBDD937D45C41D2DAAF /* Pods_AppUpdateNotification.framework */,
			);
			name = Frameworks;
			sourceTree = "<group>";
		};
/* End PBXGroup section */

/* Begin PBXNativeTarget section */
		68568AB51FA72704003206E2 /* AppUpdateNotification */ = {
			isa = PBXNativeTarget;
			buildConfigurationList = 68568AE11FA72705003206E2 /* Build configuration list for PBXNativeTarget "AppUpdateNotification" */;
			buildPhases = (
				8DAAAFE154721FBE933B12EA /* [CP] Check Pods Manifest.lock */,
				68568AB21FA72704003206E2 /* Sources */,
				68568AB31FA72704003206E2 /* Frameworks */,
				68568AB41FA72704003206E2 /* Resources */,
				09FA7DA4A73E4728E0CC993F /* [CP] Embed Pods Frameworks */,
				FBF7D94FEA9D5E8810A1121A /* [CP] Copy Pods Resources */,
			);
			buildRules = (
			);
			dependencies = (
			);
			name = AppUpdateNotification;
			productName = AppUpdateNotification;
			productReference = 68568AB61FA72704003206E2 /* AppUpdateNotification.app */;
			productType = "com.apple.product-type.application";
		};
		68568ACC1FA72705003206E2 /* AppUpdateNotificationTests */ = {
			isa = PBXNativeTarget;
			buildConfigurationList = 68568AE41FA72705003206E2 /* Build configuration list for PBXNativeTarget "AppUpdateNotificationTests" */;
			buildPhases = (
				68568AC91FA72705003206E2 /* Sources */,
				68568ACA1FA72705003206E2 /* Frameworks */,
				68568ACB1FA72705003206E2 /* Resources */,
			);
			buildRules = (
			);
			dependencies = (
				68568ACF1FA72705003206E2 /* PBXTargetDependency */,
			);
			name = AppUpdateNotificationTests;
			productName = AppUpdateNotificationTests;
			productReference = 68568ACD1FA72705003206E2 /* AppUpdateNotificationTests.xctest */;
			productType = "com.apple.product-type.bundle.unit-test";
		};
		68568AD71FA72705003206E2 /* AppUpdateNotificationUITests */ = {
			isa = PBXNativeTarget;
			buildConfigurationList = 68568AE71FA72705003206E2 /* Build configuration list for PBXNativeTarget "AppUpdateNotificationUITests" */;
			buildPhases = (
				68568AD41FA72705003206E2 /* Sources */,
				68568AD51FA72705003206E2 /* Frameworks */,
				68568AD61FA72705003206E2 /* Resources */,
			);
			buildRules = (
			);
			dependencies = (
				68568ADA1FA72705003206E2 /* PBXTargetDependency */,
			);
			name = AppUpdateNotificationUITests;
			productName = AppUpdateNotificationUITests;
			productReference = 68568AD81FA72705003206E2 /* AppUpdateNotificationUITests.xctest */;
			productType = "com.apple.product-type.bundle.ui-testing";
		};
/* End PBXNativeTarget section */

/* Begin PBXProject section */
		68568AAE1FA72704003206E2 /* Project object */ = {
			isa = PBXProject;
			attributes = {
				LastSwiftUpdateCheck = 0900;
				LastUpgradeCheck = 0900;
				ORGANIZATIONNAME = SpaceBasic;
				TargetAttributes = {
					68568AB51FA72704003206E2 = {
						CreatedOnToolsVersion = 9.0;
						ProvisioningStyle = Automatic;
					};
					68568ACC1FA72705003206E2 = {
						CreatedOnToolsVersion = 9.0;
						ProvisioningStyle = Automatic;
						TestTargetID = 68568AB51FA72704003206E2;
					};
					68568AD71FA72705003206E2 = {
						CreatedOnToolsVersion = 9.0;
						ProvisioningStyle = Automatic;
						TestTargetID = 68568AB51FA72704003206E2;
					};
				};
			};
			buildConfigurationList = 68568AB11FA72704003206E2 /* Build configuration list for PBXProject "AppUpdateNotification" */;
			compatibilityVersion = "Xcode 8.0";
			developmentRegion = en;
			hasScannedForEncodings = 0;
			knownRegions = (
				en,
				Base,
			);
			mainGroup = 68568AAD1FA72704003206E2;
			productRefGroup = 68568AB71FA72704003206E2 /* Products */;
			projectDirPath = "";
			projectRoot = "";
			targets = (
				68568AB51FA72704003206E2 /* AppUpdateNotification */,
				68568ACC1FA72705003206E2 /* AppUpdateNotificationTests */,
				68568AD71FA72705003206E2 /* AppUpdateNotificationUITests */,
			);
		};
/* End PBXProject section */

/* Begin PBXResourcesBuildPhase section */
		68568AB41FA72704003206E2 /* Resources */ = {
			isa = PBXResourcesBuildPhase;
			buildActionMask = 2147483647;
			files = (
				68568AC71FA72705003206E2 /* LaunchScreen.storyboard in Resources */,
				68568AC41FA72705003206E2 /* Assets.xcassets in Resources */,
				68568ABF1FA72705003206E2 /* Main.storyboard in Resources */,
			);
			runOnlyForDeploymentPostprocessing = 0;
		};
		68568ACB1FA72705003206E2 /* Resources */ = {
			isa = PBXResourcesBuildPhase;
			buildActionMask = 2147483647;
			files = (
			);
			runOnlyForDeploymentPostprocessing = 0;
		};
		68568AD61FA72705003206E2 /* Resources */ = {
			isa = PBXResourcesBuildPhase;
			buildActionMask = 2147483647;
			files = (
			);
			runOnlyForDeploymentPostprocessing = 0;
		};
/* End PBXResourcesBuildPhase section */

/* Begin PBXShellScriptBuildPhase section */
		09FA7DA4A73E4728E0CC993F /* [CP] Embed Pods Frameworks */ = {
			isa = PBXShellScriptBuildPhase;
			buildActionMask = 2147483647;
			files = (
			);
			inputPaths = (
				"${SRCROOT}/Pods/Target Support Files/Pods-AppUpdateNotification/Pods-AppUpdateNotification-frameworks.sh",
				"${BUILT_PRODUCTS_DIR}/Siren/Siren.framework",
			);
			name = "[CP] Embed Pods Frameworks";
			outputPaths = (
				"${TARGET_BUILD_DIR}/${FRAMEWORKS_FOLDER_PATH}/Siren.framework",
			);
			runOnlyForDeploymentPostprocessing = 0;
			shellPath = /bin/sh;
			shellScript = "\"${SRCROOT}/Pods/Target Support Files/Pods-AppUpdateNotification/Pods-AppUpdateNotification-frameworks.sh\"\n";
			showEnvVarsInLog = 0;
		};
		8DAAAFE154721FBE933B12EA /* [CP] Check Pods Manifest.lock */ = {
			isa = PBXShellScriptBuildPhase;
			buildActionMask = 2147483647;
			files = (
			);
			inputPaths = (
				"${PODS_PODFILE_DIR_PATH}/Podfile.lock",
				"${PODS_ROOT}/Manifest.lock",
			);
			name = "[CP] Check Pods Manifest.lock";
			outputPaths = (
				"$(DERIVED_FILE_DIR)/Pods-AppUpdateNotification-checkManifestLockResult.txt",
			);
			runOnlyForDeploymentPostprocessing = 0;
			shellPath = /bin/sh;
			shellScript = "diff \"${PODS_PODFILE_DIR_PATH}/Podfile.lock\" \"${PODS_ROOT}/Manifest.lock\" > /dev/null\nif [ $? != 0 ] ; then\n    # print error to STDERR\n    echo \"error: The sandbox is not in sync with the Podfile.lock. Run 'pod install' or update your CocoaPods installation.\" >&2\n    exit 1\nfi\n# This output is used by Xcode 'outputs' to avoid re-running this script phase.\necho \"SUCCESS\" > \"${SCRIPT_OUTPUT_FILE_0}\"\n";
			showEnvVarsInLog = 0;
		};
		FBF7D94FEA9D5E8810A1121A /* [CP] Copy Pods Resources */ = {
			isa = PBXShellScriptBuildPhase;
			buildActionMask = 2147483647;
			files = (
			);
			inputPaths = (
			);
			name = "[CP] Copy Pods Resources";
			outputPaths = (
			);
			runOnlyForDeploymentPostprocessing = 0;
			shellPath = /bin/sh;
			shellScript = "\"${SRCROOT}/Pods/Target Support Files/Pods-AppUpdateNotification/Pods-AppUpdateNotification-resources.sh\"\n";
			showEnvVarsInLog = 0;
		};
/* End PBXShellScriptBuildPhase section */

/* Begin PBXSourcesBuildPhase section */
		68568AB21FA72704003206E2 /* Sources */ = {
			isa = PBXSourcesBuildPhase;
			buildActionMask = 2147483647;
			files = (
				68568ABC1FA72704003206E2 /* ViewController.swift in Sources */,
				68568ABA1FA72704003206E2 /* AppDelegate.swift in Sources */,
				68568AC21FA72705003206E2 /* AppUpdateNotification.xcdatamodeld in Sources */,
			);
			runOnlyForDeploymentPostprocessing = 0;
		};
		68568AC91FA72705003206E2 /* Sources */ = {
			isa = PBXSourcesBuildPhase;
			buildActionMask = 2147483647;
			files = (
				68568AD21FA72705003206E2 /* AppUpdateNotificationTests.swift in Sources */,
			);
			runOnlyForDeploymentPostprocessing = 0;
		};
		68568AD41FA72705003206E2 /* Sources */ = {
			isa = PBXSourcesBuildPhase;
			buildActionMask = 2147483647;
			files = (
				68568ADD1FA72705003206E2 /* AppUpdateNotificationUITests.swift in Sources */,
			);
			runOnlyForDeploymentPostprocessing = 0;
		};
/* End PBXSourcesBuildPhase section */

/* Begin PBXTargetDependency section */
		68568ACF1FA72705003206E2 /* PBXTargetDependency */ = {
			isa = PBXTargetDependency;
			target = 68568AB51FA72704003206E2 /* AppUpdateNotification */;
			targetProxy = 68568ACE1FA72705003206E2 /* PBXContainerItemProxy */;
		};
		68568ADA1FA72705003206E2 /* PBXTargetDependency */ = {
			isa = PBXTargetDependency;
			target = 68568AB51FA72704003206E2 /* AppUpdateNotification */;
			targetProxy = 68568AD91FA72705003206E2 /* PBXContainerItemProxy */;
		};
/* End PBXTargetDependency section */

/* Begin PBXVariantGroup section */
		68568ABD1FA72705003206E2 /* Main.storyboard */ = {
			isa = PBXVariantGroup;
			children = (
				68568ABE1FA72705003206E2 /* Base */,
			);
			name = Main.storyboard;
			sourceTree = "<group>";
		};
		68568AC51FA72705003206E2 /* LaunchScreen.storyboard */ = {
			isa = PBXVariantGroup;
			children = (
				68568AC61FA72705003206E2 /* Base */,
			);
			name = LaunchScreen.storyboard;
			sourceTree = "<group>";
		};
/* End PBXVariantGroup section */

/* Begin XCBuildConfiguration section */
		68568ADF1FA72705003206E2 /* Debug */ = {
			isa = XCBuildConfiguration;
			buildSettings = {
				ALWAYS_SEARCH_USER_PATHS = NO;
				CLANG_ANALYZER_NONNULL = YES;
				CLANG_ANALYZER_NUMBER_OBJECT_CONVERSION = YES_AGGRESSIVE;
				CLANG_CXX_LANGUAGE_STANDARD = "gnu++14";
				CLANG_CXX_LIBRARY = "libc++";
				CLANG_ENABLE_MODULES = YES;
				CLANG_ENABLE_OBJC_ARC = YES;
				CLANG_WARN_BLOCK_CAPTURE_AUTORELEASING = YES;
				CLANG_WARN_BOOL_CONVERSION = YES;
				CLANG_WARN_COMMA = YES;
				CLANG_WARN_CONSTANT_CONVERSION = YES;
				CLANG_WARN_DIRECT_OBJC_ISA_USAGE = YES_ERROR;
				CLANG_WARN_DOCUMENTATION_COMMENTS = YES;
				CLANG_WARN_EMPTY_BODY = YES;
				CLANG_WARN_ENUM_CONVERSION = YES;
				CLANG_WARN_INFINITE_RECURSION = YES;
				CLANG_WARN_INT_CONVERSION = YES;
				CLANG_WARN_NON_LITERAL_NULL_CONVERSION = YES;
				CLANG_WARN_OBJC_LITERAL_CONVERSION = YES;
				CLANG_WARN_OBJC_ROOT_CLASS = YES_ERROR;
				CLANG_WARN_RANGE_LOOP_ANALYSIS = YES;
				CLANG_WARN_STRICT_PROTOTYPES = YES;
				CLANG_WARN_SUSPICIOUS_MOVE = YES;
				CLANG_WARN_UNGUARDED_AVAILABILITY = YES_AGGRESSIVE;
				CLANG_WARN_UNREACHABLE_CODE = YES;
				CLANG_WARN__DUPLICATE_METHOD_MATCH = YES;
				CODE_SIGN_IDENTITY = "iPhone Developer";
				COPY_PHASE_STRIP = NO;
				DEBUG_INFORMATION_FORMAT = dwarf;
				ENABLE_STRICT_OBJC_MSGSEND = YES;
				ENABLE_TESTABILITY = YES;
				GCC_C_LANGUAGE_STANDARD = gnu11;
				GCC_DYNAMIC_NO_PIC = NO;
				GCC_NO_COMMON_BLOCKS = YES;
				GCC_OPTIMIZATION_LEVEL = 0;
				GCC_PREPROCESSOR_DEFINITIONS = (
					"DEBUG=1",
					"$(inherited)",
				);
				GCC_WARN_64_TO_32_BIT_CONVERSION = YES;
				GCC_WARN_ABOUT_RETURN_TYPE = YES_ERROR;
				GCC_WARN_UNDECLARED_SELECTOR = YES;
				GCC_WARN_UNINITIALIZED_AUTOS = YES_AGGRESSIVE;
				GCC_WARN_UNUSED_FUNCTION = YES;
				GCC_WARN_UNUSED_VARIABLE = YES;
				IPHONEOS_DEPLOYMENT_TARGET = 11.0;
				MTL_ENABLE_DEBUG_INFO = YES;
				ONLY_ACTIVE_ARCH = YES;
				SDKROOT = iphoneos;
				SWIFT_ACTIVE_COMPILATION_CONDITIONS = DEBUG;
				SWIFT_OPTIMIZATION_LEVEL = "-Onone";
			};
			name = Debug;
		};
		68568AE01FA72705003206E2 /* Release */ = {
			isa = XCBuildConfiguration;
			buildSettings = {
				ALWAYS_SEARCH_USER_PATHS = NO;
				CLANG_ANALYZER_NONNULL = YES;
				CLANG_ANALYZER_NUMBER_OBJECT_CONVERSION = YES_AGGRESSIVE;
				CLANG_CXX_LANGUAGE_STANDARD = "gnu++14";
				CLANG_CXX_LIBRARY = "libc++";
				CLANG_ENABLE_MODULES = YES;
				CLANG_ENABLE_OBJC_ARC = YES;
				CLANG_WARN_BLOCK_CAPTURE_AUTORELEASING = YES;
				CLANG_WARN_BOOL_CONVERSION = YES;
				CLANG_WARN_COMMA = YES;
				CLANG_WARN_CONSTANT_CONVERSION = YES;
				CLANG_WARN_DIRECT_OBJC_ISA_USAGE = YES_ERROR;
				CLANG_WARN_DOCUMENTATION_COMMENTS = YES;
				CLANG_WARN_EMPTY_BODY = YES;
				CLANG_WARN_ENUM_CONVERSION = YES;
				CLANG_WARN_INFINITE_RECURSION = YES;
				CLANG_WARN_INT_CONVERSION = YES;
				CLANG_WARN_NON_LITERAL_NULL_CONVERSION = YES;
				CLANG_WARN_OBJC_LITERAL_CONVERSION = YES;
				CLANG_WARN_OBJC_ROOT_CLASS = YES_ERROR;
				CLANG_WARN_RANGE_LOOP_ANALYSIS = YES;
				CLANG_WARN_STRICT_PROTOTYPES = YES;
				CLANG_WARN_SUSPICIOUS_MOVE = YES;
				CLANG_WARN_UNGUARDED_AVAILABILITY = YES_AGGRESSIVE;
				CLANG_WARN_UNREACHABLE_CODE = YES;
				CLANG_WARN__DUPLICATE_METHOD_MATCH = YES;
				CODE_SIGN_IDENTITY = "iPhone Developer";
				COPY_PHASE_STRIP = NO;
				DEBUG_INFORMATION_FORMAT = "dwarf-with-dsym";
				ENABLE_NS_ASSERTIONS = NO;
				ENABLE_STRICT_OBJC_MSGSEND = YES;
				GCC_C_LANGUAGE_STANDARD = gnu11;
				GCC_NO_COMMON_BLOCKS = YES;
				GCC_WARN_64_TO_32_BIT_CONVERSION = YES;
				GCC_WARN_ABOUT_RETURN_TYPE = YES_ERROR;
				GCC_WARN_UNDECLARED_SELECTOR = YES;
				GCC_WARN_UNINITIALIZED_AUTOS = YES_AGGRESSIVE;
				GCC_WARN_UNUSED_FUNCTION = YES;
				GCC_WARN_UNUSED_VARIABLE = YES;
				IPHONEOS_DEPLOYMENT_TARGET = 11.0;
				MTL_ENABLE_DEBUG_INFO = NO;
				SDKROOT = iphoneos;
				SWIFT_OPTIMIZATION_LEVEL = "-Owholemodule";
				VALIDATE_PRODUCT = YES;
			};
			name = Release;
		};
		68568AE21FA72705003206E2 /* Debug */ = {
			isa = XCBuildConfiguration;
			baseConfigurationReference = 2CAFBE951D277E73FB0DB69E /* Pods-AppUpdateNotification.debug.xcconfig */;
			buildSettings = {
				ASSETCATALOG_COMPILER_APPICON_NAME = AppIcon;
				CODE_SIGN_STYLE = Automatic;
				DEVELOPMENT_TEAM = 5N8V3LY748;
				INFOPLIST_FILE = AppUpdateNotification/Info.plist;
				IPHONEOS_DEPLOYMENT_TARGET = 9.3;
				LD_RUNPATH_SEARCH_PATHS = "$(inherited) @executable_path/Frameworks";
				PRODUCT_BUNDLE_IDENTIFIER = com.spacebasic.ios;
				PRODUCT_NAME = "$(TARGET_NAME)";
				SWIFT_VERSION = 4.0;
				TARGETED_DEVICE_FAMILY = "1,2";
			};
			name = Debug;
		};
		68568AE31FA72705003206E2 /* Release */ = {
			isa = XCBuildConfiguration;
			baseConfigurationReference = 6667E8039267809BF6F2083A /* Pods-AppUpdateNotification.release.xcconfig */;
			buildSettings = {
				ASSETCATALOG_COMPILER_APPICON_NAME = AppIcon;
				CODE_SIGN_STYLE = Automatic;
				DEVELOPMENT_TEAM = 5N8V3LY748;
				INFOPLIST_FILE = AppUpdateNotification/Info.plist;
				IPHONEOS_DEPLOYMENT_TARGET = 9.3;
				LD_RUNPATH_SEARCH_PATHS = "$(inherited) @executable_path/Frameworks";
				PRODUCT_BUNDLE_IDENTIFIER = com.spacebasic.ios;
				PRODUCT_NAME = "$(TARGET_NAME)";
				SWIFT_VERSION = 4.0;
				TARGETED_DEVICE_FAMILY = "1,2";
			};
			name = Release;
		};
		68568AE51FA72705003206E2 /* Debug */ = {
			isa = XCBuildConfiguration;
			buildSettings = {
				ALWAYS_EMBED_SWIFT_STANDARD_LIBRARIES = YES;
				BUNDLE_LOADER = "$(TEST_HOST)";
				CODE_SIGN_STYLE = Automatic;
				INFOPLIST_FILE = AppUpdateNotificationTests/Info.plist;
				LD_RUNPATH_SEARCH_PATHS = "$(inherited) @executable_path/Frameworks @loader_path/Frameworks";
				PRODUCT_BUNDLE_IDENTIFIER = spacebasic.com.AppUpdateNotificationTests;
				PRODUCT_NAME = "$(TARGET_NAME)";
				SWIFT_VERSION = 4.0;
				TARGETED_DEVICE_FAMILY = "1,2";
				TEST_HOST = "$(BUILT_PRODUCTS_DIR)/AppUpdateNotification.app/AppUpdateNotification";
			};
			name = Debug;
		};
		68568AE61FA72705003206E2 /* Release */ = {
			isa = XCBuildConfiguration;
			buildSettings = {
				ALWAYS_EMBED_SWIFT_STANDARD_LIBRARIES = YES;
				BUNDLE_LOADER = "$(TEST_HOST)";
				CODE_SIGN_STYLE = Automatic;
				INFOPLIST_FILE = AppUpdateNotificationTests/Info.plist;
				LD_RUNPATH_SEARCH_PATHS = "$(inherited) @executable_path/Frameworks @loader_path/Frameworks";
				PRODUCT_BUNDLE_IDENTIFIER = spacebasic.com.AppUpdateNotificationTests;
				PRODUCT_NAME = "$(TARGET_NAME)";
				SWIFT_VERSION = 4.0;
				TARGETED_DEVICE_FAMILY = "1,2";
				TEST_HOST = "$(BUILT_PRODUCTS_DIR)/AppUpdateNotification.app/AppUpdateNotification";
			};
			name = Release;
		};
		68568AE81FA72705003206E2 /* Debug */ = {
			isa = XCBuildConfiguration;
			buildSettings = {
				ALWAYS_EMBED_SWIFT_STANDARD_LIBRARIES = YES;
				CODE_SIGN_STYLE = Automatic;
				INFOPLIST_FILE = AppUpdateNotificationUITests/Info.plist;
				LD_RUNPATH_SEARCH_PATHS = "$(inherited) @executable_path/Frameworks @loader_path/Frameworks";
				PRODUCT_BUNDLE_IDENTIFIER = spacebasic.com.AppUpdateNotificationUITests;
				PRODUCT_NAME = "$(TARGET_NAME)";
				SWIFT_VERSION = 4.0;
				TARGETED_DEVICE_FAMILY = "1,2";
				TEST_TARGET_NAME = AppUpdateNotification;
			};
			name = Debug;
		};
		68568AE91FA72705003206E2 /* Release */ = {
			isa = XCBuildConfiguration;
			buildSettings = {
				ALWAYS_EMBED_SWIFT_STANDARD_LIBRARIES = YES;
				CODE_SIGN_STYLE = Automatic;
				INFOPLIST_FILE = AppUpdateNotificationUITests/Info.plist;
				LD_RUNPATH_SEARCH_PATHS = "$(inherited) @executable_path/Frameworks @loader_path/Frameworks";
				PRODUCT_BUNDLE_IDENTIFIER = spacebasic.com.AppUpdateNotificationUITests;
				PRODUCT_NAME = "$(TARGET_NAME)";
				SWIFT_VERSION = 4.0;
				TARGETED_DEVICE_FAMILY = "1,2";
				TEST_TARGET_NAME = AppUpdateNotification;
			};
			name = Release;
		};
/* End XCBuildConfiguration section */

/* Begin XCConfigurationList section */
		68568AB11FA72704003206E2 /* Build configuration list for PBXProject "AppUpdateNotification" */ = {
			isa = XCConfigurationList;
			buildConfigurations = (
				68568ADF1FA72705003206E2 /* Debug */,
				68568AE01FA72705003206E2 /* Release */,
			);
			defaultConfigurationIsVisible = 0;
			defaultConfigurationName = Release;
		};
		68568AE11FA72705003206E2 /* Build configuration list for PBXNativeTarget "AppUpdateNotification" */ = {
			isa = XCConfigurationList;
			buildConfigurations = (
				68568AE21FA72705003206E2 /* Debug */,
				68568AE31FA72705003206E2 /* Release */,
			);
			defaultConfigurationIsVisible = 0;
			defaultConfigurationName = Release;
		};
		68568AE41FA72705003206E2 /* Build configuration list for PBXNativeTarget "AppUpdateNotificationTests" */ = {
			isa = XCConfigurationList;
			buildConfigurations = (
				68568AE51FA72705003206E2 /* Debug */,
				68568AE61FA72705003206E2 /* Release */,
			);
			defaultConfigurationIsVisible = 0;
			defaultConfigurationName = Release;
		};
		68568AE71FA72705003206E2 /* Build configuration list for PBXNativeTarget "AppUpdateNotificationUITests" */ = {
			isa = XCConfigurationList;
			buildConfigurations = (
				68568AE81FA72705003206E2 /* Debug */,
				68568AE91FA72705003206E2 /* Release */,
			);
			defaultConfigurationIsVisible = 0;
			defaultConfigurationName = Release;
		};
/* End XCConfigurationList section */

/* Begin XCVersionGroup section */
		68568AC01FA72705003206E2 /* AppUpdateNotification.xcdatamodeld */ = {
			isa = XCVersionGroup;
			children = (
				68568AC11FA72705003206E2 /* AppUpdateNotification.xcdatamodel */,
			);
			currentVersion = 68568AC11FA72705003206E2 /* AppUpdateNotification.xcdatamodel */;
			path = AppUpdateNotification.xcdatamodeld;
			sourceTree = "<group>";
			versionGroupType = wrapper.xcdatamodel;
		};
/* End XCVersionGroup section */
	};
	rootObject = 68568AAE1FA72704003206E2 /* Project object */;
}
